// !$*UTF8*$!
{
	archiveVersion = 1;
	classes = {
	};
	objectVersion = 46;
	objects = {

/* Begin PBXBuildFile section */
		55ED97C31BAB4E71005A1569 /* AppDelegate.swift in Sources */ = {isa = PBXBuildFile; fileRef = 55ED97C21BAB4E71005A1569 /* AppDelegate.swift */; };
		55ED97C51BAB4E71005A1569 /* ViewController.swift in Sources */ = {isa = PBXBuildFile; fileRef = 55ED97C41BAB4E71005A1569 /* ViewController.swift */; };
		55ED97C81BAB4E71005A1569 /* Main.storyboard in Resources */ = {isa = PBXBuildFile; fileRef = 55ED97C61BAB4E71005A1569 /* Main.storyboard */; };
		55ED97CA1BAB4E71005A1569 /* Images.xcassets in Resources */ = {isa = PBXBuildFile; fileRef = 55ED97C91BAB4E71005A1569 /* Images.xcassets */; };
		55ED97CD1BAB4E71005A1569 /* LaunchScreen.xib in Resources */ = {isa = PBXBuildFile; fileRef = 55ED97CB1BAB4E71005A1569 /* LaunchScreen.xib */; };
		55ED97D91BAB4E71005A1569 /* Es_PrimoTests.swift in Sources */ = {isa = PBXBuildFile; fileRef = 55ED97D81BAB4E71005A1569 /* Es_PrimoTests.swift */; };
/* End PBXBuildFile section */

/* Begin PBXContainerItemProxy section */
		55ED97D31BAB4E71005A1569 /* PBXContainerItemProxy */ = {
			isa = PBXContainerItemProxy;
			containerPortal = 55ED97B51BAB4E71005A1569 /* Project object */;
			proxyType = 1;
			remoteGlobalIDString = 55ED97BC1BAB4E71005A1569;
			remoteInfo = "Es Primo";
		};
/* End PBXContainerItemProxy section */

/* Begin PBXFileReference section */
		55ED97BD1BAB4E71005A1569 /* Es Primo.app */ = {isa = PBXFileReference; explicitFileType = wrapper.application; includeInIndex = 0; path = "Es Primo.app"; sourceTree = BUILT_PRODUCTS_DIR; };
		55ED97C11BAB4E71005A1569 /* Info.plist */ = {isa = PBXFileReference; lastKnownFileType = text.plist.xml; path = Info.plist; sourceTree = "<group>"; };
		55ED97C21BAB4E71005A1569 /* AppDelegate.swift */ = {isa = PBXFileReference; lastKnownFileType = sourcecode.swift; path = AppDelegate.swift; sourceTree = "<group>"; };
		55ED97C41BAB4E71005A1569 /* ViewController.swift */ = {isa = PBXFileReference; lastKnownFileType = sourcecode.swift; path = ViewController.swift; sourceTree = "<group>"; };
		55ED97C71BAB4E71005A1569 /* Base */ = {isa = PBXFileReference; lastKnownFileType = file.storyboard; name = Base; path = Base.lproj/Main.storyboard; sourceTree = "<group>"; };
		55ED97C91BAB4E71005A1569 /* Images.xcassets */ = {isa = PBXFileReference; lastKnownFileType = folder.assetcatalog; path = Images.xcassets; sourceTree = "<group>"; };
		55ED97CC1BAB4E71005A1569 /* Base */ = {isa = PBXFileReference; lastKnownFileType = file.xib; name = Base; path = Base.lproj/LaunchScreen.xib; sourceTree = "<group>"; };
		55ED97D21BAB4E71005A1569 /* Es PrimoTests.xctest */ = {isa = PBXFileReference; explicitFileType = wrapper.cfbundle; includeInIndex = 0; path = "Es PrimoTests.xctest"; sourceTree = BUILT_PRODUCTS_DIR; };
		55ED97D71BAB4E71005A1569 /* Info.plist */ = {isa = PBXFileReference; lastKnownFileType = text.plist.xml; path = Info.plist; sourceTree = "<group>"; };
		55ED97D81BAB4E71005A1569 /* Es_PrimoTests.swift */ = {isa = PBXFileReference; lastKnownFileType = sourcecode.swift; path = Es_PrimoTests.swift; sourceTree = "<group>"; };
/* End PBXFileReference section */

/* Begin PBXFrameworksBuildPhase section */
		55ED97BA1BAB4E71005A1569 /* Frameworks */ = {
			isa = PBXFrameworksBuildPhase;
			buildActionMask = 2147483647;
			files = (
			);
			runOnlyForDeploymentPostprocessing = 0;
		};
		55ED97CF1BAB4E71005A1569 /* Frameworks */ = {
			isa = PBXFrameworksBuildPhase;
			buildActionMask = 2147483647;
			files = (
			);
			runOnlyForDeploymentPostprocessing = 0;
		};
/* End PBXFrameworksBuildPhase section */

/* Begin PBXGroup section */
		55ED97B41BAB4E71005A1569 = {
			isa = PBXGroup;
			children = (
				55ED97BF1BAB4E71005A1569 /* Es Primo */,
				55ED97D51BAB4E71005A1569 /* Es PrimoTests */,
				55ED97BE1BAB4E71005A1569 /* Products */,
			);
			sourceTree = "<group>";
		};
		55ED97BE1BAB4E71005A1569 /* Products */ = {
			isa = PBXGroup;
			children = (
				55ED97BD1BAB4E71005A1569 /* Es Primo.app */,
				55ED97D21BAB4E71005A1569 /* Es PrimoTests.xctest */,
			);
			name = Products;
			sourceTree = "<group>";
		};
		55ED97BF1BAB4E71005A1569 /* Es Primo */ = {
			isa = PBXGroup;
			children = (
				55ED97C21BAB4E71005A1569 /* AppDelegate.swift */,
				55ED97C41BAB4E71005A1569 /* ViewController.swift */,
				55ED97C61BAB4E71005A1569 /* Main.storyboard */,
				55ED97C91BAB4E71005A1569 /* Images.xcassets */,
				55ED97CB1BAB4E71005A1569 /* LaunchScreen.xib */,
				55ED97C01BAB4E71005A1569 /* Supporting Files */,
			);
			path = "Es Primo";
			sourceTree = "<group>";
		};
		55ED97C01BAB4E71005A1569 /* Supporting Files */ = {
			isa = PBXGroup;
			children = (
				55ED97C11BAB4E71005A1569 /* Info.plist */,
			);
			name = "Supporting Files";
			sourceTree = "<group>";
		};
		55ED97D51BAB4E71005A1569 /* Es PrimoTests */ = {
			isa = PBXGroup;
			children = (
				55ED97D81BAB4E71005A1569 /* Es_PrimoTests.swift */,
				55ED97D61BAB4E71005A1569 /* Supporting Files */,
			);
			path = "Es PrimoTests";
			sourceTree = "<group>";
		};
		55ED97D61BAB4E71005A1569 /* Supporting Files */ = {
			isa = PBXGroup;
			children = (
				55ED97D71BAB4E71005A1569 /* Info.plist */,
			);
			name = "Supporting Files";
			sourceTree = "<group>";
		};
/* End PBXGroup section */

/* Begin PBXNativeTarget section */
		55ED97BC1BAB4E71005A1569 /* Es Primo */ = {
			isa = PBXNativeTarget;
			buildConfigurationList = 55ED97DC1BAB4E71005A1569 /* Build configuration list for PBXNativeTarget "Es Primo" */;
			buildPhases = (
				55ED97B91BAB4E71005A1569 /* Sources */,
				55ED97BA1BAB4E71005A1569 /* Frameworks */,
				55ED97BB1BAB4E71005A1569 /* Resources */,
			);
			buildRules = (
			);
			dependencies = (
			);
			name = "Es Primo";
			productName = "Es Primo";
			productReference = 55ED97BD1BAB4E71005A1569 /* Es Primo.app */;
			productType = "com.apple.product-type.application";
		};
		55ED97D11BAB4E71005A1569 /* Es PrimoTests */ = {
			isa = PBXNativeTarget;
			buildConfigurationList = 55ED97DF1BAB4E71005A1569 /* Build configuration list for PBXNativeTarget "Es PrimoTests" */;
			buildPhases = (
				55ED97CE1BAB4E71005A1569 /* Sources */,
				55ED97CF1BAB4E71005A1569 /* Frameworks */,
				55ED97D01BAB4E71005A1569 /* Resources */,
			);
			buildRules = (
			);
			dependencies = (
				55ED97D41BAB4E71005A1569 /* PBXTargetDependency */,
			);
			name = "Es PrimoTests";
			productName = "Es PrimoTests";
			productReference = 55ED97D21BAB4E71005A1569 /* Es PrimoTests.xctest */;
			productType = "com.apple.product-type.bundle.unit-test";
		};
/* End PBXNativeTarget section */

/* Begin PBXProject section */
		55ED97B51BAB4E71005A1569 /* Project object */ = {
			isa = PBXProject;
			attributes = {
				LastUpgradeCheck = 0640;
				ORGANIZATIONNAME = cCeo;
				TargetAttributes = {
					55ED97BC1BAB4E71005A1569 = {
						CreatedOnToolsVersion = 6.4;
					};
					55ED97D11BAB4E71005A1569 = {
						CreatedOnToolsVersion = 6.4;
						TestTargetID = 55ED97BC1BAB4E71005A1569;
					};
				};
			};
			buildConfigurationList = 55ED97B81BAB4E71005A1569 /* Build configuration list for PBXProject "Es Primo" */;
			compatibilityVersion = "Xcode 3.2";
			developmentRegion = English;
			hasScannedForEncodings = 0;
			knownRegions = (
				en,
				Base,
			);
			mainGroup = 55ED97B41BAB4E71005A1569;
			productRefGroup = 55ED97BE1BAB4E71005A1569 /* Products */;
			projectDirPath = "";
			projectRoot = "";
			targets = (
				55ED97BC1BAB4E71005A1569 /* Es Primo */,
				55ED97D11BAB4E71005A1569 /* Es PrimoTests */,
			);
		};
/* End PBXProject section */

/* Begin PBXResourcesBuildPhase section */
		55ED97BB1BAB4E71005A1569 /* Resources */ = {
			isa = PBXResourcesBuildPhase;
			buildActionMask = 2147483647;
			files = (
				55ED97C81BAB4E71005A1569 /* Main.storyboard in Resources */,
				55ED97CD1BAB4E71005A1569 /* LaunchScreen.xib in Resources */,
				55ED97CA1BAB4E71005A1569 /* Images.xcassets in Resources */,
			);
			runOnlyForDeploymentPostprocessing = 0;
		};
		55ED97D01BAB4E71005A1569 /* Resources */ = {
			isa = PBXResourcesBuildPhase;
			buildActionMask = 2147483647;
			files = (
			);
			runOnlyForDeploymentPostprocessing = 0;
		};
/* End PBXResourcesBuildPhase section */

/* Begin PBXSourcesBuildPhase section */
		55ED97B91BAB4E71005A1569 /* Sources */ = {
			isa = PBXSourcesBuildPhase;
			buildActionMask = 2147483647;
			files = (
				55ED97C51BAB4E71005A1569 /* ViewController.swift in Sources */,
				55ED97C31BAB4E71005A1569 /* AppDelegate.swift in Sources */,
			);
			runOnlyForDeploymentPostprocessing = 0;
		};
		55ED97CE1BAB4E71005A1569 /* Sources */ = {
			isa = PBXSourcesBuildPhase;
			buildActionMask = 2147483647;
			files = (
				55ED97D91BAB4E71005A1569 /* Es_PrimoTests.swift in Sources */,
			);
			runOnlyForDeploymentPostprocessing = 0;
		};
/* End PBXSourcesBuildPhase section */

/* Begin PBXTargetDependency section */
		55ED97D41BAB4E71005A1569 /* PBXTargetDependency */ = {
			isa = PBXTargetDependency;
			target = 55ED97BC1BAB4E71005A1569 /* Es Primo */;
			targetProxy = 55ED97D31BAB4E71005A1569 /* PBXContainerItemProxy */;
		};
/* End PBXTargetDependency section */

/* Begin PBXVariantGroup section */
		55ED97C61BAB4E71005A1569 /* Main.storyboard */ = {
			isa = PBXVariantGroup;
			children = (
				55ED97C71BAB4E71005A1569 /* Base */,
			);
			name = Main.storyboard;
			sourceTree = "<group>";
		};
		55ED97CB1BAB4E71005A1569 /* LaunchScreen.xib */ = {
			isa = PBXVariantGroup;
			children = (
				55ED97CC1BAB4E71005A1569 /* Base */,
			);
			name = LaunchScreen.xib;
			sourceTree = "<group>";
		};
/* End PBXVariantGroup section */

/* Begin XCBuildConfiguration section */
		55ED97DA1BAB4E71005A1569 /* Debug */ = {
			isa = XCBuildConfiguration;
			buildSettings = {
				ALWAYS_SEARCH_USER_PATHS = NO;
				CLANG_CXX_LANGUAGE_STANDARD = "gnu++0x";
				CLANG_CXX_LIBRARY = "libc++";
				CLANG_ENABLE_MODULES = YES;
				CLANG_ENABLE_OBJC_ARC = YES;
				CLANG_WARN_BOOL_CONVERSION = YES;
				CLANG_WARN_CONSTANT_CONVERSION = YES;
				CLANG_WARN_DIRECT_OBJC_ISA_USAGE = YES_ERROR;
				CLANG_WARN_EMPTY_BODY = YES;
				CLANG_WARN_ENUM_CONVERSION = YES;
				CLANG_WARN_INT_CONVERSION = YES;
				CLANG_WARN_OBJC_ROOT_CLASS = YES_ERROR;
				CLANG_WARN_UNREACHABLE_CODE = YES;
				CLANG_WARN__DUPLICATE_METHOD_MATCH = YES;
				"CODE_SIGN_IDENTITY[sdk=iphoneos*]" = "iPhone Developer";
				COPY_PHASE_STRIP = NO;
				DEBUG_INFORMATION_FORMAT = "dwarf-with-dsym";
				ENABLE_STRICT_OBJC_MSGSEND = YES;
				GCC_C_LANGUAGE_STANDARD = gnu99;
				GCC_DYNAMIC_NO_PIC = NO;
				GCC_NO_COMMON_BLOCKS = YES;
				GCC_OPTIMIZATION_LEVEL = 0;
				GCC_PREPROCESSOR_DEFINITIONS = (
					"DEBUG=1",
					"$(inherited)",
				);
				GCC_SYMBOLS_PRIVATE_EXTERN = NO;
				GCC_WARN_64_TO_32_BIT_CONVERSION = YES;
				GCC_WARN_ABOUT_RETURN_TYPE = YES_ERROR;
				GCC_WARN_UNDECLARED_SELECTOR = YES;
				GCC_WARN_UNINITIALIZED_AUTOS = YES_AGGRESSIVE;
				GCC_WARN_UNUSED_FUNCTION = YES;
				GCC_WARN_UNUSED_VARIABLE = YES;
				IPHONEOS_DEPLOYMENT_TARGET = 8.4;
				MTL_ENABLE_DEBUG_INFO = YES;
				ONLY_ACTIVE_ARCH = YES;
				SDKROOT = iphoneos;
				SWIFT_OPTIMIZATION_LEVEL = "-Onone";
			};
			name = Debug;
		};
		55ED97DB1BAB4E71005A1569 /* Release */ = {
			isa = XCBuildConfiguration;
			buildSettings = {
				ALWAYS_SEARCH_USER_PATHS = NO;
				CLANG_CXX_LANGUAGE_STANDARD = "gnu++0x";
				CLANG_CXX_LIBRARY = "libc++";
				CLANG_ENABLE_MODULES = YES;
				CLANG_ENABLE_OBJC_ARC = YES;
				CLANG_WARN_BOOL_CONVERSION = YES;
				CLANG_WARN_CONSTANT_CONVERSION = YES;
				CLANG_WARN_DIRECT_OBJC_ISA_USAGE = YES_ERROR;
				CLANG_WARN_EMPTY_BODY = YES;
				CLANG_WARN_ENUM_CONVERSION = YES;
				CLANG_WARN_INT_CONVERSION = YES;
				CLANG_WARN_OBJC_ROOT_CLASS = YES_ERROR;
				CLANG_WARN_UNREACHABLE_CODE = YES;
				CLANG_WARN__DUPLICATE_METHOD_MATCH = YES;
				"CODE_SIGN_IDENTITY[sdk=iphoneos*]" = "iPhone Developer";
				COPY_PHASE_STRIP = NO;
				DEBUG_INFORMATION_FORMAT = "dwarf-with-dsym";
				ENABLE_NS_ASSERTIONS = NO;
				ENABLE_STRICT_OBJC_MSGSEND = YES;
				GCC_C_LANGUAGE_STANDARD = gnu99;
				GCC_NO_COMMON_BLOCKS = YES;
				GCC_WARN_64_TO_32_BIT_CONVERSION = YES;
				GCC_WARN_ABOUT_RETURN_TYPE = YES_ERROR;
				GCC_WARN_UNDECLARED_SELECTOR = YES;
				GCC_WARN_UNINITIALIZED_AUTOS = YES_AGGRESSIVE;
				GCC_WARN_UNUSED_FUNCTION = YES;
				GCC_WARN_UNUSED_VARIABLE = YES;
				IPHONEOS_DEPLOYMENT_TARGET = 8.4;
				MTL_ENABLE_DEBUG_INFO = NO;
				SDKROOT = iphoneos;
				VALIDATE_PRODUCT = YES;
			};
			name = Release;
		};
		55ED97DD1BAB4E71005A1569 /* Debug */ = {
			isa = XCBuildConfiguration;
			buildSettings = {
				ASSETCATALOG_COMPILER_APPICON_NAME = AppIcon;
				INFOPLIST_FILE = "Es Primo/Info.plist";
				LD_RUNPATH_SEARCH_PATHS = "$(inherited) @executable_path/Frameworks";
				PRODUCT_NAME = "$(TARGET_NAME)";
			};
			name = Debug;
		};
		55ED97DE1BAB4E71005A1569 /* Release */ = {
			isa = XCBuildConfiguration;
			buildSettings = {
				ASSETCATALOG_COMPILER_APPICON_NAME = AppIcon;
				INFOPLIST_FILE = "Es Primo/Info.plist";
				LD_RUNPATH_SEARCH_PATHS = "$(inherited) @executable_path/Frameworks";
				PRODUCT_NAME = "$(TARGET_NAME)";
			};
			name = Release;
		};
		55ED97E01BAB4E71005A1569 /* Debug */ = {
			isa = XCBuildConfiguration;
			buildSettings = {
				BUNDLE_LOADER = "$(TEST_HOST)";
				FRAMEWORK_SEARCH_PATHS = (
					"$(SDKROOT)/Developer/Library/Frameworks",
					"$(inherited)",
				);
				GCC_PREPROCESSOR_DEFINITIONS = (
					"DEBUG=1",
					"$(inherited)",
				);
				INFOPLIST_FILE = "Es PrimoTests/Info.plist";
				LD_RUNPATH_SEARCH_PATHS = "$(inherited) @executable_path/Frameworks @loader_path/Frameworks";
				PRODUCT_NAME = "$(TARGET_NAME)";
				TEST_HOST = "$(BUILT_PRODUCTS_DIR)/Es Primo.app/Es Primo";
			};
			name = Debug;
		};
		55ED97E11BAB4E71005A1569 /* Release */ = {
			isa = XCBuildConfiguration;
			buildSettings = {
				BUNDLE_LOADER = "$(TEST_HOST)";
				FRAMEWORK_SEARCH_PATHS = (
					"$(SDKROOT)/Developer/Library/Frameworks",
					"$(inherited)",
				);
				INFOPLIST_FILE = "Es PrimoTests/Info.plist";
				LD_RUNPATH_SEARCH_PATHS = "$(inherited) @executable_path/Frameworks @loader_path/Frameworks";
				PRODUCT_NAME = "$(TARGET_NAME)";
				TEST_HOST = "$(BUILT_PRODUCTS_DIR)/Es Primo.app/Es Primo";
			};
			name = Release;
		};
/* End XCBuildConfiguration section */

/* Begin XCConfigurationList section */
		55ED97B81BAB4E71005A1569 /* Build configuration list for PBXProject "Es Primo" */ = {
			isa = XCConfigurationList;
			buildConfigurations = (
				55ED97DA1BAB4E71005A1569 /* Debug */,
				55ED97DB1BAB4E71005A1569 /* Release */,
			);
			defaultConfigurationIsVisible = 0;
			defaultConfigurationName = Release;
		};
		55ED97DC1BAB4E71005A1569 /* Build configuration list for PBXNativeTarget "Es Primo" */ = {
			isa = XCConfigurationList;
			buildConfigurations = (
				55ED97DD1BAB4E71005A1569 /* Debug */,
				55ED97DE1BAB4E71005A1569 /* Release */,
			);
			defaultConfigurationIsVisible = 0;
		};
		55ED97DF1BAB4E71005A1569 /* Build configuration list for PBXNativeTarget "Es PrimoTests" */ = {
			isa = XCConfigurationList;
			buildConfigurations = (
				55ED97E01BAB4E71005A1569 /* Debug */,
				55ED97E11BAB4E71005A1569 /* Release */,
			);
			defaultConfigurationIsVisible = 0;
		};
/* End XCConfigurationList section */
	};
	rootObject = 55ED97B51BAB4E71005A1569 /* Project object */;
}
